
Microsoft Visual Studio Solution File, Format Version 12.00
# Visual Studio Version 16
VisualStudioVersion = 16.0.31613.86
MinimumVisualStudioVersion = 10.0.40219.1
Project("{8BC9CEB8-8B4A-11D0-8D11-00A0C91BC942}") = "Forwardlist", "DataContainer\DataContainer.vcxproj", "{49165424-92E4-4B57-8E2A-1FB41FDFF38A}"
EndProject
Project("{8BC9CEB8-8B4A-11D0-8D11-00A0C91BC942}") = "DataContainerTwoDirection", "DataContainerTwoDirection\DataContainerTwoDirection.vcxproj", "{A73F52BC-6F7F-4969-9CEB-67465EC2F5D8}"
EndProject
Project("{8BC9CEB8-8B4A-11D0-8D11-00A0C91BC942}") = "DataContainerTwoDirection2.0", "DataContainerTwoDirection2.0\DataContainerTwoDirection2.0.vcxproj", "{1E4B3C83-6E10-4CFC-AD3F-C1B17B0E1AFE}"
EndProject
Project("{8BC9CEB8-8B4A-11D0-8D11-00A0C91BC942}") = "BinaryTree", "BinaryTree\BinaryTree.vcxproj", "{B9D5BFAC-62A5-4C93-AE7E-CE85483B3EB0}"
EndProject
Global
	GlobalSection(SolutionConfigurationPlatforms) = preSolution
		Debug|x64 = Debug|x64
		Debug|x86 = Debug|x86
		Release|x64 = Release|x64
		Release|x86 = Release|x86
	EndGlobalSection
	GlobalSection(ProjectConfigurationPlatforms) = postSolution
		{49165424-92E4-4B57-8E2A-1FB41FDFF38A}.Debug|x64.ActiveCfg = Debug|x64
		{49165424-92E4-4B57-8E2A-1FB41FDFF38A}.Debug|x64.Build.0 = Debug|x64
		{49165424-92E4-4B57-8E2A-1FB41FDFF38A}.Debug|x86.ActiveCfg = Debug|Win32
		{49165424-92E4-4B57-8E2A-1FB41FDFF38A}.Debug|x86.Build.0 = Debug|Win32
		{49165424-92E4-4B57-8E2A-1FB41FDFF38A}.Release|x64.ActiveCfg = Release|x64
		{49165424-92E4-4B57-8E2A-1FB41FDFF38A}.Release|x64.Build.0 = Release|x64
		{49165424-92E4-4B57-8E2A-1FB41FDFF38A}.Release|x86.ActiveCfg = Release|Win32
		{49165424-92E4-4B57-8E2A-1FB41FDFF38A}.Release|x86.Build.0 = Release|Win32
		{A73F52BC-6F7F-4969-9CEB-67465EC2F5D8}.Debug|x64.ActiveCfg = Debug|x64
		{A73F52BC-6F7F-4969-9CEB-67465EC2F5D8}.Debug|x64.Build.0 = Debug|x64
		{A73F52BC-6F7F-4969-9CEB-67465EC2F5D8}.Debug|x86.ActiveCfg = Debug|Win32
		{A73F52BC-6F7F-4969-9CEB-67465EC2F5D8}.Debug|x86.Build.0 = Debug|Win32
		{A73F52BC-6F7F-4969-9CEB-67465EC2F5D8}.Release|x64.ActiveCfg = Release|x64
		{A73F52BC-6F7F-4969-9CEB-67465EC2F5D8}.Release|x64.Build.0 = Release|x64
		{A73F52BC-6F7F-4969-9CEB-67465EC2F5D8}.Release|x86.ActiveCfg = Release|Win32
		{A73F52BC-6F7F-4969-9CEB-67465EC2F5D8}.Release|x86.Build.0 = Release|Win32
		{1E4B3C83-6E10-4CFC-AD3F-C1B17B0E1AFE}.Debug|x64.ActiveCfg = Debug|x64
		{1E4B3C83-6E10-4CFC-AD3F-C1B17B0E1AFE}.Debug|x64.Build.0 = Debug|x64
		{1E4B3C83-6E10-4CFC-AD3F-C1B17B0E1AFE}.Debug|x86.ActiveCfg = Debug|Win32
		{1E4B3C83-6E10-4CFC-AD3F-C1B17B0E1AFE}.Debug|x86.Build.0 = Debug|Win32
		{1E4B3C83-6E10-4CFC-AD3F-C1B17B0E1AFE}.Release|x64.ActiveCfg = Release|x64
		{1E4B3C83-6E10-4CFC-AD3F-C1B17B0E1AFE}.Release|x64.Build.0 = Release|x64
		{1E4B3C83-6E10-4CFC-AD3F-C1B17B0E1AFE}.Release|x86.ActiveCfg = Release|Win32
		{1E4B3C83-6E10-4CFC-AD3F-C1B17B0E1AFE}.Release|x86.Build.0 = Release|Win32
		{B9D5BFAC-62A5-4C93-AE7E-CE85483B3EB0}.Debug|x64.ActiveCfg = Debug|x64
		{B9D5BFAC-62A5-4C93-AE7E-CE85483B3EB0}.Debug|x64.Build.0 = Debug|x64
		{B9D5BFAC-62A5-4C93-AE7E-CE85483B3EB0}.Debug|x86.ActiveCfg = Debug|Win32
		{B9D5BFAC-62A5-4C93-AE7E-CE85483B3EB0}.Debug|x86.Build.0 = Debug|Win32
		{B9D5BFAC-62A5-4C93-AE7E-CE85483B3EB0}.Release|x64.ActiveCfg = Release|x64
		{B9D5BFAC-62A5-4C93-AE7E-CE85483B3EB0}.Release|x64.Build.0 = Release|x64
		{B9D5BFAC-62A5-4C93-AE7E-CE85483B3EB0}.Release|x86.ActiveCfg = Release|Win32
		{B9D5BFAC-62A5-4C93-AE7E-CE85483B3EB0}.Release|x86.Build.0 = Release|Win32
	EndGlobalSection
	GlobalSection(SolutionProperties) = preSolution
		HideSolutionNode = FALSE
	EndGlobalSection
	GlobalSection(ExtensibilityGlobals) = postSolution
		SolutionGuid = {7E136176-7EEA-4306-A875-A33C3D5C774A}
	EndGlobalSection
EndGlobal
